// !$*UTF8*$!
{
	archiveVersion = 1;
	classes = {
	};
	objectVersion = 46;
	objects = {

/* Begin PBXBuildFile section */
		076FBA9E1E8B983E00D3A773 /* main.cpp in Sources */ = {isa = PBXBuildFile; fileRef = 076FBA9D1E8B983E00D3A773 /* main.cpp */; };
		076FBAA71E8B986F00D3A773 /* linkedlist.cpp in Sources */ = {isa = PBXBuildFile; fileRef = 076FBAA51E8B986F00D3A773 /* linkedlist.cpp */; };
/* End PBXBuildFile section */

/* Begin PBXCopyFilesBuildPhase section */
		076FBA981E8B983E00D3A773 /* CopyFiles */ = {
			isa = PBXCopyFilesBuildPhase;
			buildActionMask = 2147483647;
			dstPath = /usr/share/man/man1/;
			dstSubfolderSpec = 0;
			files = (
			);
			runOnlyForDeploymentPostprocessing = 1;
		};
/* End PBXCopyFilesBuildPhase section */

/* Begin PBXFileReference section */
		076FBA9A1E8B983E00D3A773 /* linkedlist */ = {isa = PBXFileReference; explicitFileType = "compiled.mach-o.executable"; includeInIndex = 0; path = linkedlist; sourceTree = BUILT_PRODUCTS_DIR; };
		076FBA9D1E8B983E00D3A773 /* main.cpp */ = {isa = PBXFileReference; lastKnownFileType = sourcecode.cpp.cpp; path = main.cpp; sourceTree = "<group>"; };
		076FBAA41E8B985C00D3A773 /* linkedlist.h */ = {isa = PBXFileReference; lastKnownFileType = sourcecode.c.h; path = linkedlist.h; sourceTree = "<group>"; };
		076FBAA51E8B986F00D3A773 /* linkedlist.cpp */ = {isa = PBXFileReference; fileEncoding = 4; lastKnownFileType = sourcecode.cpp.cpp; path = linkedlist.cpp; sourceTree = "<group>"; };
/* End PBXFileReference section */

/* Begin PBXFrameworksBuildPhase section */
		076FBA971E8B983E00D3A773 /* Frameworks */ = {
			isa = PBXFrameworksBuildPhase;
			buildActionMask = 2147483647;
			files = (
			);
			runOnlyForDeploymentPostprocessing = 0;
		};
/* End PBXFrameworksBuildPhase section */

/* Begin PBXGroup section */
		076FBA911E8B983E00D3A773 = {
			isa = PBXGroup;
			children = (
				076FBA9C1E8B983E00D3A773 /* linkedlist */,
				076FBA9B1E8B983E00D3A773 /* Products */,
			);
			sourceTree = "<group>";
		};
		076FBA9B1E8B983E00D3A773 /* Products */ = {
			isa = PBXGroup;
			children = (
				076FBA9A1E8B983E00D3A773 /* linkedlist */,
			);
			name = Products;
			sourceTree = "<group>";
		};
		076FBA9C1E8B983E00D3A773 /* linkedlist */ = {
			isa = PBXGroup;
			children = (
				076FBA9D1E8B983E00D3A773 /* main.cpp */,
				076FBAA41E8B985C00D3A773 /* linkedlist.h */,
				076FBAA51E8B986F00D3A773 /* linkedlist.cpp */,
			);
			path = linkedlist;
			sourceTree = "<group>";
		};
/* End PBXGroup section */

/* Begin PBXNativeTarget section */
		076FBA991E8B983E00D3A773 /* linkedlist */ = {
			isa = PBXNativeTarget;
			buildConfigurationList = 076FBAA11E8B983E00D3A773 /* Build configuration list for PBXNativeTarget "linkedlist" */;
			buildPhases = (
				076FBA961E8B983E00D3A773 /* Sources */,
				076FBA971E8B983E00D3A773 /* Frameworks */,
				076FBA981E8B983E00D3A773 /* CopyFiles */,
			);
			buildRules = (
			);
			dependencies = (
			);
			name = linkedlist;
			productName = linkedlist;
			productReference = 076FBA9A1E8B983E00D3A773 /* linkedlist */;
			productType = "com.apple.product-type.tool";
		};
/* End PBXNativeTarget section */

/* Begin PBXProject section */
		076FBA921E8B983E00D3A773 /* Project object */ = {
			isa = PBXProject;
			attributes = {
				LastUpgradeCheck = 0820;
				ORGANIZATIONNAME = suchao;
				TargetAttributes = {
					076FBA991E8B983E00D3A773 = {
						CreatedOnToolsVersion = 8.2.1;
						ProvisioningStyle = Automatic;
					};
				};
			};
			buildConfigurationList = 076FBA951E8B983E00D3A773 /* Build configuration list for PBXProject "linkedlist" */;
			compatibilityVersion = "Xcode 3.2";
			developmentRegion = English;
			hasScannedForEncodings = 0;
			knownRegions = (
				en,
			);
			mainGroup = 076FBA911E8B983E00D3A773;
			productRefGroup = 076FBA9B1E8B983E00D3A773 /* Products */;
			projectDirPath = "";
			projectRoot = "";
			targets = (
				076FBA991E8B983E00D3A773 /* linkedlist */,
			);
		};
/* End PBXProject section */

/* Begin PBXSourcesBuildPhase section */
		076FBA961E8B983E00D3A773 /* Sources */ = {
			isa = PBXSourcesBuildPhase;
			buildActionMask = 2147483647;
			files = (
				076FBAA71E8B986F00D3A773 /* linkedlist.cpp in Sources */,
				076FBA9E1E8B983E00D3A773 /* main.cpp in Sources */,
			);
			runOnlyForDeploymentPostprocessing = 0;
		};
/* End PBXSourcesBuildPhase section */

/* Begin XCBuildConfiguration section */
		076FBA9F1E8B983E00D3A773 /* Debug */ = {
			isa = XCBuildConfiguration;
			buildSettings = {
				ALWAYS_SEARCH_USER_PATHS = NO;
				CLANG_ANALYZER_NONNULL = YES;
				CLANG_CXX_LANGUAGE_STANDARD = "gnu++0x";
				CLANG_CXX_LIBRARY = "libc++";
				CLANG_ENABLE_MODULES = YES;
				CLANG_ENABLE_OBJC_ARC = YES;
				CLANG_WARN_BOOL_CONVERSION = YES;
				CLANG_WARN_CONSTANT_CONVERSION = YES;
				CLANG_WARN_DIRECT_OBJC_ISA_USAGE = YES_ERROR;
				CLANG_WARN_DOCUMENTATION_COMMENTS = YES;
				CLANG_WARN_EMPTY_BODY = YES;
				CLANG_WARN_ENUM_CONVERSION = YES;
				CLANG_WARN_INFINITE_RECURSION = YES;
				CLANG_WARN_INT_CONVERSION = YES;
				CLANG_WARN_OBJC_ROOT_CLASS = YES_ERROR;
				CLANG_WARN_SUSPICIOUS_MOVE = YES;
				CLANG_WARN_UNREACHABLE_CODE = YES;
				CLANG_WARN__DUPLICATE_METHOD_MATCH = YES;
				CODE_SIGN_IDENTITY = "-";
				COPY_PHASE_STRIP = NO;
				DEBUG_INFORMATION_FORMAT = dwarf;
				ENABLE_STRICT_OBJC_MSGSEND = YES;
				ENABLE_TESTABILITY = YES;
				GCC_C_LANGUAGE_STANDARD = gnu99;
				GCC_DYNAMIC_NO_PIC = NO;
				GCC_NO_COMMON_BLOCKS = YES;
				GCC_OPTIMIZATION_LEVEL = 0;
				GCC_PREPROCESSOR_DEFINITIONS = (
					"DEBUG=1",
					"$(inherited)",
				);
				GCC_WARN_64_TO_32_BIT_CONVERSION = YES;
				GCC_WARN_ABOUT_RETURN_TYPE = YES_ERROR;
				GCC_WARN_UNDECLARED_SELECTOR = YES;
				GCC_WARN_UNINITIALIZED_AUTOS = YES_AGGRESSIVE;
				GCC_WARN_UNUSED_FUNCTION = YES;
				GCC_WARN_UNUSED_VARIABLE = YES;
				MACOSX_DEPLOYMENT_TARGET = 10.11;
				MTL_ENABLE_DEBUG_INFO = YES;
				ONLY_ACTIVE_ARCH = YES;
				SDKROOT = macosx;
			};
			name = Debug;
		};
		076FBAA01E8B983E00D3A773 /* Release */ = {
			isa = XCBuildConfiguration;
			buildSettings = {
				ALWAYS_SEARCH_USER_PATHS = NO;
				CLANG_ANALYZER_NONNULL = YES;
				CLANG_CXX_LANGUAGE_STANDARD = "gnu++0x";
				CLANG_CXX_LIBRARY = "libc++";
				CLANG_ENABLE_MODULES = YES;
				CLANG_ENABLE_OBJC_ARC = YES;
				CLANG_WARN_BOOL_CONVERSION = YES;
				CLANG_WARN_CONSTANT_CONVERSION = YES;
				CLANG_WARN_DIRECT_OBJC_ISA_USAGE = YES_ERROR;
				CLANG_WARN_DOCUMENTATION_COMMENTS = YES;
				CLANG_WARN_EMPTY_BODY = YES;
				CLANG_WARN_ENUM_CONVERSION = YES;
				CLANG_WARN_INFINITE_RECURSION = YES;
				CLANG_WARN_INT_CONVERSION = YES;
				CLANG_WARN_OBJC_ROOT_CLASS = YES_ERROR;
				CLANG_WARN_SUSPICIOUS_MOVE = YES;
				CLANG_WARN_UNREACHABLE_CODE = YES;
				CLANG_WARN__DUPLICATE_METHOD_MATCH = YES;
				CODE_SIGN_IDENTITY = "-";
				COPY_PHASE_STRIP = NO;
				DEBUG_INFORMATION_FORMAT = "dwarf-with-dsym";
				ENABLE_NS_ASSERTIONS = NO;
				ENABLE_STRICT_OBJC_MSGSEND = YES;
				GCC_C_LANGUAGE_STANDARD = gnu99;
				GCC_NO_COMMON_BLOCKS = YES;
				GCC_WARN_64_TO_32_BIT_CONVERSION = YES;
				GCC_WARN_ABOUT_RETURN_TYPE = YES_ERROR;
				GCC_WARN_UNDECLARED_SELECTOR = YES;
				GCC_WARN_UNINITIALIZED_AUTOS = YES_AGGRESSIVE;
				GCC_WARN_UNUSED_FUNCTION = YES;
				GCC_WARN_UNUSED_VARIABLE = YES;
				MACOSX_DEPLOYMENT_TARGET = 10.11;
				MTL_ENABLE_DEBUG_INFO = NO;
				SDKROOT = macosx;
			};
			name = Release;
		};
		076FBAA21E8B983E00D3A773 /* Debug */ = {
			isa = XCBuildConfiguration;
			buildSettings = {
				PRODUCT_NAME = "$(TARGET_NAME)";
			};
			name = Debug;
		};
		076FBAA31E8B983E00D3A773 /* Release */ = {
			isa = XCBuildConfiguration;
			buildSettings = {
				PRODUCT_NAME = "$(TARGET_NAME)";
			};
			name = Release;
		};
/* End XCBuildConfiguration section */

/* Begin XCConfigurationList section */
		076FBA951E8B983E00D3A773 /* Build configuration list for PBXProject "linkedlist" */ = {
			isa = XCConfigurationList;
			buildConfigurations = (
				076FBA9F1E8B983E00D3A773 /* Debug */,
				076FBAA01E8B983E00D3A773 /* Release */,
			);
			defaultConfigurationIsVisible = 0;
			defaultConfigurationName = Release;
		};
		076FBAA11E8B983E00D3A773 /* Build configuration list for PBXNativeTarget "linkedlist" */ = {
			isa = XCConfigurationList;
			buildConfigurations = (
				076FBAA21E8B983E00D3A773 /* Debug */,
				076FBAA31E8B983E00D3A773 /* Release */,
			);
			defaultConfigurationIsVisible = 0;
		};
/* End XCConfigurationList section */
	};
	rootObject = 076FBA921E8B983E00D3A773 /* Project object */;
}
